
Microsoft Visual Studio Solution File, Format Version 12.00
# Visual Studio Version 16
VisualStudioVersion = 16.0.31729.503
MinimumVisualStudioVersion = 10.0.40219.1
Project("{FAE04EC0-301F-11D3-BF4B-00C04F79EFBC}") = "Cookies", "Cookies\Cookies.csproj", "{D119C900-9289-47E7-BAA8-3D8A5AA980E2}"
EndProject
Global
	GlobalSection(SolutionConfigurationPlatforms) = preSolution
		Debug|Any CPU = Debug|Any CPU
		Release|Any CPU = Release|Any CPU
	EndGlobalSection
	GlobalSection(ProjectConfigurationPlatforms) = postSolution
		{D119C900-9289-47E7-BAA8-3D8A5AA980E2}.Debug|Any CPU.ActiveCfg = Debug|Any CPU
		{D119C900-9289-47E7-BAA8-3D8A5AA980E2}.Debug|Any CPU.Build.0 = Debug|Any CPU
		{D119C900-9289-47E7-BAA8-3D8A5AA980E2}.Release|Any CPU.ActiveCfg = Release|Any CPU
		{D119C900-9289-47E7-BAA8-3D8A5AA980E2}.Release|Any CPU.Build.0 = Release|Any CPU
	EndGlobalSection
	GlobalSection(SolutionProperties) = preSolution
		HideSolutionNode = FALSE
	EndGlobalSection
	GlobalSection(ExtensibilityGlobals) = postSolution
		SolutionGuid = {50DCEB4F-E34C-4EAA-9374-AEFD06D1D80E}
	EndGlobalSection
EndGlobal
